
Microsoft Visual Studio Solution File, Format Version 12.00
# Visual Studio 15
VisualStudioVersion = 15.0.28307.168
MinimumVisualStudioVersion = 10.0.40219.1
Project("{FAE04EC0-301F-11D3-BF4B-00C04F79EFBC}") = "IdentityLad", "IdentityLad\IdentityLad.csproj", "{E17EBA83-6054-4CCF-8445-69C4A4517358}"
EndProject
Global
	GlobalSection(SolutionConfigurationPlatforms) = preSolution
		Debug|Any CPU = Debug|Any CPU
		Release|Any CPU = Release|Any CPU
	EndGlobalSection
	GlobalSection(ProjectConfigurationPlatforms) = postSolution
		{E17EBA83-6054-4CCF-8445-69C4A4517358}.Debug|Any CPU.ActiveCfg = Debug|Any CPU
		{E17EBA83-6054-4CCF-8445-69C4A4517358}.Debug|Any CPU.Build.0 = Debug|Any CPU
		{E17EBA83-6054-4CCF-8445-69C4A4517358}.Release|Any CPU.ActiveCfg = Release|Any CPU
		{E17EBA83-6054-4CCF-8445-69C4A4517358}.Release|Any CPU.Build.0 = Release|Any CPU
	EndGlobalSection
	GlobalSection(SolutionProperties) = preSolution
		HideSolutionNode = FALSE
	EndGlobalSection
	GlobalSection(ExtensibilityGlobals) = postSolution
		SolutionGuid = {3022511F-82FC-4136-A6DD-82AEA8E89F94}
	EndGlobalSection
EndGlobal
